// !$*UTF8*$!
{
	archiveVersion = 1;
	classes = {
	};
	objectVersion = 46;
	objects = {

/* Begin PBXBuildFile section */
		060488DE1CB38D8200CF0132 /* main.m in Sources */ = {isa = PBXBuildFile; fileRef = 060488DD1CB38D8200CF0132 /* main.m */; };
		060488E11CB38D8200CF0132 /* AppDelegate.m in Sources */ = {isa = PBXBuildFile; fileRef = 060488E01CB38D8200CF0132 /* AppDelegate.m */; };
		060488E71CB38D8200CF0132 /* Main.storyboard in Resources */ = {isa = PBXBuildFile; fileRef = 060488E51CB38D8200CF0132 /* Main.storyboard */; };
		060488E91CB38D8200CF0132 /* Assets.xcassets in Resources */ = {isa = PBXBuildFile; fileRef = 060488E81CB38D8200CF0132 /* Assets.xcassets */; };
		060488EC1CB38D8200CF0132 /* LaunchScreen.storyboard in Resources */ = {isa = PBXBuildFile; fileRef = 060488EA1CB38D8200CF0132 /* LaunchScreen.storyboard */; };
		060488F51CB38E1000CF0132 /* PhotosViewController.m in Sources */ = {isa = PBXBuildFile; fileRef = 060488F41CB38E1000CF0132 /* PhotosViewController.m */; };
		06B8E2481CB53D9100D76911 /* PhotoDataSource.m in Sources */ = {isa = PBXBuildFile; fileRef = 06B8E2471CB53D9100D76911 /* PhotoDataSource.m */; };
		06B8E24B1CB5446900D76911 /* PhotoCollectionViewCell.m in Sources */ = {isa = PBXBuildFile; fileRef = 06B8E24A1CB5446900D76911 /* PhotoCollectionViewCell.m */; };
		06FEE36B1CB4A4CC00766162 /* FlickrAPI.m in Sources */ = {isa = PBXBuildFile; fileRef = 06FEE36A1CB4A4CC00766162 /* FlickrAPI.m */; };
		06FEE36E1CB4B1E200766162 /* PhotoStore.m in Sources */ = {isa = PBXBuildFile; fileRef = 06FEE36D1CB4B1E200766162 /* PhotoStore.m */; };
		06FEE3711CB4D53600766162 /* Photo.m in Sources */ = {isa = PBXBuildFile; fileRef = 06FEE3701CB4D53600766162 /* Photo.m */; };
/* End PBXBuildFile section */

/* Begin PBXFileReference section */
		060488D91CB38D8200CF0132 /* Photorama.app */ = {isa = PBXFileReference; explicitFileType = wrapper.application; includeInIndex = 0; path = Photorama.app; sourceTree = BUILT_PRODUCTS_DIR; };
		060488DD1CB38D8200CF0132 /* main.m */ = {isa = PBXFileReference; lastKnownFileType = sourcecode.c.objc; path = main.m; sourceTree = "<group>"; };
		060488DF1CB38D8200CF0132 /* AppDelegate.h */ = {isa = PBXFileReference; lastKnownFileType = sourcecode.c.h; path = AppDelegate.h; sourceTree = "<group>"; };
		060488E01CB38D8200CF0132 /* AppDelegate.m */ = {isa = PBXFileReference; lastKnownFileType = sourcecode.c.objc; path = AppDelegate.m; sourceTree = "<group>"; };
		060488E61CB38D8200CF0132 /* Base */ = {isa = PBXFileReference; lastKnownFileType = file.storyboard; name = Base; path = Base.lproj/Main.storyboard; sourceTree = "<group>"; };
		060488E81CB38D8200CF0132 /* Assets.xcassets */ = {isa = PBXFileReference; lastKnownFileType = folder.assetcatalog; path = Assets.xcassets; sourceTree = "<group>"; };
		060488EB1CB38D8200CF0132 /* Base */ = {isa = PBXFileReference; lastKnownFileType = file.storyboard; name = Base; path = Base.lproj/LaunchScreen.storyboard; sourceTree = "<group>"; };
		060488ED1CB38D8200CF0132 /* Info.plist */ = {isa = PBXFileReference; lastKnownFileType = text.plist.xml; path = Info.plist; sourceTree = "<group>"; };
		060488F31CB38E1000CF0132 /* PhotosViewController.h */ = {isa = PBXFileReference; fileEncoding = 4; lastKnownFileType = sourcecode.c.h; path = PhotosViewController.h; sourceTree = "<group>"; };
		060488F41CB38E1000CF0132 /* PhotosViewController.m */ = {isa = PBXFileReference; fileEncoding = 4; lastKnownFileType = sourcecode.c.objc; path = PhotosViewController.m; sourceTree = "<group>"; };
		06B8E2461CB53D9100D76911 /* PhotoDataSource.h */ = {isa = PBXFileReference; fileEncoding = 4; lastKnownFileType = sourcecode.c.h; path = PhotoDataSource.h; sourceTree = "<group>"; };
		06B8E2471CB53D9100D76911 /* PhotoDataSource.m */ = {isa = PBXFileReference; fileEncoding = 4; lastKnownFileType = sourcecode.c.objc; path = PhotoDataSource.m; sourceTree = "<group>"; };
		06B8E2491CB5446900D76911 /* PhotoCollectionViewCell.h */ = {isa = PBXFileReference; fileEncoding = 4; lastKnownFileType = sourcecode.c.h; path = PhotoCollectionViewCell.h; sourceTree = "<group>"; };
		06B8E24A1CB5446900D76911 /* PhotoCollectionViewCell.m */ = {isa = PBXFileReference; fileEncoding = 4; lastKnownFileType = sourcecode.c.objc; path = PhotoCollectionViewCell.m; sourceTree = "<group>"; };
		06FEE3691CB4A4CC00766162 /* FlickrAPI.h */ = {isa = PBXFileReference; fileEncoding = 4; lastKnownFileType = sourcecode.c.h; path = FlickrAPI.h; sourceTree = "<group>"; };
		06FEE36A1CB4A4CC00766162 /* FlickrAPI.m */ = {isa = PBXFileReference; fileEncoding = 4; lastKnownFileType = sourcecode.c.objc; path = FlickrAPI.m; sourceTree = "<group>"; };
		06FEE36C1CB4B1E200766162 /* PhotoStore.h */ = {isa = PBXFileReference; fileEncoding = 4; lastKnownFileType = sourcecode.c.h; path = PhotoStore.h; sourceTree = "<group>"; };
		06FEE36D1CB4B1E200766162 /* PhotoStore.m */ = {isa = PBXFileReference; fileEncoding = 4; lastKnownFileType = sourcecode.c.objc; path = PhotoStore.m; sourceTree = "<group>"; };
		06FEE36F1CB4D53600766162 /* Photo.h */ = {isa = PBXFileReference; fileEncoding = 4; lastKnownFileType = sourcecode.c.h; path = Photo.h; sourceTree = "<group>"; };
		06FEE3701CB4D53600766162 /* Photo.m */ = {isa = PBXFileReference; fileEncoding = 4; lastKnownFileType = sourcecode.c.objc; path = Photo.m; sourceTree = "<group>"; };
/* End PBXFileReference section */

/* Begin PBXFrameworksBuildPhase section */
		060488D61CB38D8200CF0132 /* Frameworks */ = {
			isa = PBXFrameworksBuildPhase;
			buildActionMask = 2147483647;
			files = (
			);
			runOnlyForDeploymentPostprocessing = 0;
		};
/* End PBXFrameworksBuildPhase section */

/* Begin PBXGroup section */
		060488D01CB38D8200CF0132 = {
			isa = PBXGroup;
			children = (
				060488DB1CB38D8200CF0132 /* Photorama */,
				060488DA1CB38D8200CF0132 /* Products */,
			);
			sourceTree = "<group>";
		};
		060488DA1CB38D8200CF0132 /* Products */ = {
			isa = PBXGroup;
			children = (
				060488D91CB38D8200CF0132 /* Photorama.app */,
			);
			name = Products;
			sourceTree = "<group>";
		};
		060488DB1CB38D8200CF0132 /* Photorama */ = {
			isa = PBXGroup;
			children = (
				060488DF1CB38D8200CF0132 /* AppDelegate.h */,
				060488E01CB38D8200CF0132 /* AppDelegate.m */,
				060488E51CB38D8200CF0132 /* Main.storyboard */,
				06FEE3691CB4A4CC00766162 /* FlickrAPI.h */,
				06FEE36A1CB4A4CC00766162 /* FlickrAPI.m */,
				06FEE36C1CB4B1E200766162 /* PhotoStore.h */,
				06FEE36D1CB4B1E200766162 /* PhotoStore.m */,
				06B8E2461CB53D9100D76911 /* PhotoDataSource.h */,
				06B8E2471CB53D9100D76911 /* PhotoDataSource.m */,
				06B8E2491CB5446900D76911 /* PhotoCollectionViewCell.h */,
				06B8E24A1CB5446900D76911 /* PhotoCollectionViewCell.m */,
				06FEE36F1CB4D53600766162 /* Photo.h */,
				06FEE3701CB4D53600766162 /* Photo.m */,
				060488F31CB38E1000CF0132 /* PhotosViewController.h */,
				060488F41CB38E1000CF0132 /* PhotosViewController.m */,
				060488E81CB38D8200CF0132 /* Assets.xcassets */,
				060488EA1CB38D8200CF0132 /* LaunchScreen.storyboard */,
				060488ED1CB38D8200CF0132 /* Info.plist */,
				060488DC1CB38D8200CF0132 /* Supporting Files */,
			);
			path = Photorama;
			sourceTree = "<group>";
		};
		060488DC1CB38D8200CF0132 /* Supporting Files */ = {
			isa = PBXGroup;
			children = (
				060488DD1CB38D8200CF0132 /* main.m */,
			);
			name = "Supporting Files";
			sourceTree = "<group>";
		};
/* End PBXGroup section */

/* Begin PBXNativeTarget section */
		060488D81CB38D8200CF0132 /* Photorama */ = {
			isa = PBXNativeTarget;
			buildConfigurationList = 060488F01CB38D8200CF0132 /* Build configuration list for PBXNativeTarget "Photorama" */;
			buildPhases = (
				060488D51CB38D8200CF0132 /* Sources */,
				060488D61CB38D8200CF0132 /* Frameworks */,
				060488D71CB38D8200CF0132 /* Resources */,
			);
			buildRules = (
			);
			dependencies = (
			);
			name = Photorama;
			productName = Photorama;
			productReference = 060488D91CB38D8200CF0132 /* Photorama.app */;
			productType = "com.apple.product-type.application";
		};
/* End PBXNativeTarget section */

/* Begin PBXProject section */
		060488D11CB38D8200CF0132 /* Project object */ = {
			isa = PBXProject;
			attributes = {
				LastUpgradeCheck = 0720;
				ORGANIZATIONNAME = liupeng;
				TargetAttributes = {
					060488D81CB38D8200CF0132 = {
						CreatedOnToolsVersion = 7.2.1;
						DevelopmentTeam = 92A4RP92C7;
					};
				};
			};
			buildConfigurationList = 060488D41CB38D8200CF0132 /* Build configuration list for PBXProject "Photorama" */;
			compatibilityVersion = "Xcode 3.2";
			developmentRegion = English;
			hasScannedForEncodings = 0;
			knownRegions = (
				en,
				Base,
			);
			mainGroup = 060488D01CB38D8200CF0132;
			productRefGroup = 060488DA1CB38D8200CF0132 /* Products */;
			projectDirPath = "";
			projectRoot = "";
			targets = (
				060488D81CB38D8200CF0132 /* Photorama */,
			);
		};
/* End PBXProject section */

/* Begin PBXResourcesBuildPhase section */
		060488D71CB38D8200CF0132 /* Resources */ = {
			isa = PBXResourcesBuildPhase;
			buildActionMask = 2147483647;
			files = (
				060488EC1CB38D8200CF0132 /* LaunchScreen.storyboard in Resources */,
				060488E91CB38D8200CF0132 /* Assets.xcassets in Resources */,
				060488E71CB38D8200CF0132 /* Main.storyboard in Resources */,
			);
			runOnlyForDeploymentPostprocessing = 0;
		};
/* End PBXResourcesBuildPhase section */

/* Begin PBXSourcesBuildPhase section */
		060488D51CB38D8200CF0132 /* Sources */ = {
			isa = PBXSourcesBuildPhase;
			buildActionMask = 2147483647;
			files = (
				06FEE3711CB4D53600766162 /* Photo.m in Sources */,
				060488F51CB38E1000CF0132 /* PhotosViewController.m in Sources */,
				060488E11CB38D8200CF0132 /* AppDelegate.m in Sources */,
				060488DE1CB38D8200CF0132 /* main.m in Sources */,
				06FEE36E1CB4B1E200766162 /* PhotoStore.m in Sources */,
				06B8E24B1CB5446900D76911 /* PhotoCollectionViewCell.m in Sources */,
				06B8E2481CB53D9100D76911 /* PhotoDataSource.m in Sources */,
				06FEE36B1CB4A4CC00766162 /* FlickrAPI.m in Sources */,
			);
			runOnlyForDeploymentPostprocessing = 0;
		};
/* End PBXSourcesBuildPhase section */

/* Begin PBXVariantGroup section */
		060488E51CB38D8200CF0132 /* Main.storyboard */ = {
			isa = PBXVariantGroup;
			children = (
				060488E61CB38D8200CF0132 /* Base */,
			);
			name = Main.storyboard;
			sourceTree = "<group>";
		};
		060488EA1CB38D8200CF0132 /* LaunchScreen.storyboard */ = {
			isa = PBXVariantGroup;
			children = (
				060488EB1CB38D8200CF0132 /* Base */,
			);
			name = LaunchScreen.storyboard;
			sourceTree = "<group>";
		};
/* End PBXVariantGroup section */

/* Begin XCBuildConfiguration section */
		060488EE1CB38D8200CF0132 /* Debug */ = {
			isa = XCBuildConfiguration;
			buildSettings = {
				ALWAYS_SEARCH_USER_PATHS = NO;
				CLANG_CXX_LANGUAGE_STANDARD = "gnu++0x";
				CLANG_CXX_LIBRARY = "libc++";
				CLANG_ENABLE_MODULES = YES;
				CLANG_ENABLE_OBJC_ARC = YES;
				CLANG_WARN_BOOL_CONVERSION = YES;
				CLANG_WARN_CONSTANT_CONVERSION = YES;
				CLANG_WARN_DIRECT_OBJC_ISA_USAGE = YES_ERROR;
				CLANG_WARN_EMPTY_BODY = YES;
				CLANG_WARN_ENUM_CONVERSION = YES;
				CLANG_WARN_INT_CONVERSION = YES;
				CLANG_WARN_OBJC_ROOT_CLASS = YES_ERROR;
				CLANG_WARN_UNREACHABLE_CODE = YES;
				CLANG_WARN__DUPLICATE_METHOD_MATCH = YES;
				"CODE_SIGN_IDENTITY[sdk=iphoneos*]" = "iPhone Developer";
				COPY_PHASE_STRIP = NO;
				DEBUG_INFORMATION_FORMAT = dwarf;
				ENABLE_STRICT_OBJC_MSGSEND = YES;
				ENABLE_TESTABILITY = YES;
				GCC_C_LANGUAGE_STANDARD = gnu99;
				GCC_DYNAMIC_NO_PIC = NO;
				GCC_NO_COMMON_BLOCKS = YES;
				GCC_OPTIMIZATION_LEVEL = 0;
				GCC_PREPROCESSOR_DEFINITIONS = (
					"DEBUG=1",
					"$(inherited)",
				);
				GCC_WARN_64_TO_32_BIT_CONVERSION = YES;
				GCC_WARN_ABOUT_RETURN_TYPE = YES_ERROR;
				GCC_WARN_UNDECLARED_SELECTOR = YES;
				GCC_WARN_UNINITIALIZED_AUTOS = YES_AGGRESSIVE;
				GCC_WARN_UNUSED_FUNCTION = YES;
				GCC_WARN_UNUSED_VARIABLE = YES;
				IPHONEOS_DEPLOYMENT_TARGET = 9.2;
				MTL_ENABLE_DEBUG_INFO = YES;
				ONLY_ACTIVE_ARCH = YES;
				SDKROOT = iphoneos;
				TARGETED_DEVICE_FAMILY = "1,2";
			};
			name = Debug;
		};
		060488EF1CB38D8200CF0132 /* Release */ = {
			isa = XCBuildConfiguration;
			buildSettings = {
				ALWAYS_SEARCH_USER_PATHS = NO;
				CLANG_CXX_LANGUAGE_STANDARD = "gnu++0x";
				CLANG_CXX_LIBRARY = "libc++";
				CLANG_ENABLE_MODULES = YES;
				CLANG_ENABLE_OBJC_ARC = YES;
				CLANG_WARN_BOOL_CONVERSION = YES;
				CLANG_WARN_CONSTANT_CONVERSION = YES;
				CLANG_WARN_DIRECT_OBJC_ISA_USAGE = YES_ERROR;
				CLANG_WARN_EMPTY_BODY = YES;
				CLANG_WARN_ENUM_CONVERSION = YES;
				CLANG_WARN_INT_CONVERSION = YES;
				CLANG_WARN_OBJC_ROOT_CLASS = YES_ERROR;
				CLANG_WARN_UNREACHABLE_CODE = YES;
				CLANG_WARN__DUPLICATE_METHOD_MATCH = YES;
				"CODE_SIGN_IDENTITY[sdk=iphoneos*]" = "iPhone Developer";
				COPY_PHASE_STRIP = NO;
				DEBUG_INFORMATION_FORMAT = "dwarf-with-dsym";
				ENABLE_NS_ASSERTIONS = NO;
				ENABLE_STRICT_OBJC_MSGSEND = YES;
				GCC_C_LANGUAGE_STANDARD = gnu99;
				GCC_NO_COMMON_BLOCKS = YES;
				GCC_WARN_64_TO_32_BIT_CONVERSION = YES;
				GCC_WARN_ABOUT_RETURN_TYPE = YES_ERROR;
				GCC_WARN_UNDECLARED_SELECTOR = YES;
				GCC_WARN_UNINITIALIZED_AUTOS = YES_AGGRESSIVE;
				GCC_WARN_UNUSED_FUNCTION = YES;
				GCC_WARN_UNUSED_VARIABLE = YES;
				IPHONEOS_DEPLOYMENT_TARGET = 9.2;
				MTL_ENABLE_DEBUG_INFO = NO;
				SDKROOT = iphoneos;
				TARGETED_DEVICE_FAMILY = "1,2";
				VALIDATE_PRODUCT = YES;
			};
			name = Release;
		};
		060488F11CB38D8200CF0132 /* Debug */ = {
			isa = XCBuildConfiguration;
			buildSettings = {
				ASSETCATALOG_COMPILER_APPICON_NAME = AppIcon;
				INFOPLIST_FILE = Photorama/Info.plist;
				LD_RUNPATH_SEARCH_PATHS = "$(inherited) @executable_path/Frameworks";
				PRODUCT_BUNDLE_IDENTIFIER = com.ldlp.Photorama;
				PRODUCT_NAME = "$(TARGET_NAME)";
			};
			name = Debug;
		};
		060488F21CB38D8200CF0132 /* Release */ = {
			isa = XCBuildConfiguration;
			buildSettings = {
				ASSETCATALOG_COMPILER_APPICON_NAME = AppIcon;
				INFOPLIST_FILE = Photorama/Info.plist;
				LD_RUNPATH_SEARCH_PATHS = "$(inherited) @executable_path/Frameworks";
				PRODUCT_BUNDLE_IDENTIFIER = com.ldlp.Photorama;
				PRODUCT_NAME = "$(TARGET_NAME)";
			};
			name = Release;
		};
/* End XCBuildConfiguration section */

/* Begin XCConfigurationList section */
		060488D41CB38D8200CF0132 /* Build configuration list for PBXProject "Photorama" */ = {
			isa = XCConfigurationList;
			buildConfigurations = (
				060488EE1CB38D8200CF0132 /* Debug */,
				060488EF1CB38D8200CF0132 /* Release */,
			);
			defaultConfigurationIsVisible = 0;
			defaultConfigurationName = Release;
		};
		060488F01CB38D8200CF0132 /* Build configuration list for PBXNativeTarget "Photorama" */ = {
			isa = XCConfigurationList;
			buildConfigurations = (
				060488F11CB38D8200CF0132 /* Debug */,
				060488F21CB38D8200CF0132 /* Release */,
			);
			defaultConfigurationIsVisible = 0;
			defaultConfigurationName = Release;
		};
/* End XCConfigurationList section */
	};
	rootObject = 060488D11CB38D8200CF0132 /* Project object */;
}
