// !$*UTF8*$!
{
	archiveVersion = 1;
	classes = {
	};
	objectVersion = 46;
	objects = {

/* Begin PBXBuildFile section */
		06005BA01C8E688D00404292 /* AllWeatherRadial.m in Sources */ = {isa = PBXBuildFile; fileRef = 06005B961C8E688D00404292 /* AllWeatherRadial.m */; };
		06005BA11C8E688D00404292 /* Car.m in Sources */ = {isa = PBXBuildFile; fileRef = 06005B981C8E688D00404292 /* Car.m */; };
		06005BA21C8E688D00404292 /* Engine.m in Sources */ = {isa = PBXBuildFile; fileRef = 06005B9A1C8E688D00404292 /* Engine.m */; };
		06005BA41C8E688D00404292 /* Slant6.m in Sources */ = {isa = PBXBuildFile; fileRef = 06005B9D1C8E688D00404292 /* Slant6.m */; };
		06005BA51C8E688D00404292 /* Tire.m in Sources */ = {isa = PBXBuildFile; fileRef = 06005B9F1C8E688D00404292 /* Tire.m */; };
		06005BA71C8E694C00404292 /* main.m in Sources */ = {isa = PBXBuildFile; fileRef = 06005BA61C8E694C00404292 /* main.m */; };
		06005BAA1C8E69D700404292 /* Garage.m in Sources */ = {isa = PBXBuildFile; fileRef = 06005BA91C8E69D700404292 /* Garage.m */; };
/* End PBXBuildFile section */

/* Begin PBXCopyFilesBuildPhase section */
		06005B891C8E685E00404292 /* CopyFiles */ = {
			isa = PBXCopyFilesBuildPhase;
			buildActionMask = 2147483647;
			dstPath = /usr/share/man/man1/;
			dstSubfolderSpec = 0;
			files = (
			);
			runOnlyForDeploymentPostprocessing = 1;
		};
/* End PBXCopyFilesBuildPhase section */

/* Begin PBXFileReference section */
		06005B8B1C8E685E00404292 /* 18.02 CarValueGaraging */ = {isa = PBXFileReference; explicitFileType = "compiled.mach-o.executable"; includeInIndex = 0; path = "18.02 CarValueGaraging"; sourceTree = BUILT_PRODUCTS_DIR; };
		06005B951C8E688D00404292 /* AllWeatherRadial.h */ = {isa = PBXFileReference; fileEncoding = 4; lastKnownFileType = sourcecode.c.h; path = AllWeatherRadial.h; sourceTree = "<group>"; };
		06005B961C8E688D00404292 /* AllWeatherRadial.m */ = {isa = PBXFileReference; fileEncoding = 4; lastKnownFileType = sourcecode.c.objc; path = AllWeatherRadial.m; sourceTree = "<group>"; };
		06005B971C8E688D00404292 /* Car.h */ = {isa = PBXFileReference; fileEncoding = 4; lastKnownFileType = sourcecode.c.h; path = Car.h; sourceTree = "<group>"; };
		06005B981C8E688D00404292 /* Car.m */ = {isa = PBXFileReference; fileEncoding = 4; lastKnownFileType = sourcecode.c.objc; path = Car.m; sourceTree = "<group>"; };
		06005B991C8E688D00404292 /* Engine.h */ = {isa = PBXFileReference; fileEncoding = 4; lastKnownFileType = sourcecode.c.h; path = Engine.h; sourceTree = "<group>"; };
		06005B9A1C8E688D00404292 /* Engine.m */ = {isa = PBXFileReference; fileEncoding = 4; lastKnownFileType = sourcecode.c.objc; path = Engine.m; sourceTree = "<group>"; };
		06005B9C1C8E688D00404292 /* Slant6.h */ = {isa = PBXFileReference; fileEncoding = 4; lastKnownFileType = sourcecode.c.h; path = Slant6.h; sourceTree = "<group>"; };
		06005B9D1C8E688D00404292 /* Slant6.m */ = {isa = PBXFileReference; fileEncoding = 4; lastKnownFileType = sourcecode.c.objc; path = Slant6.m; sourceTree = "<group>"; };
		06005B9E1C8E688D00404292 /* Tire.h */ = {isa = PBXFileReference; fileEncoding = 4; lastKnownFileType = sourcecode.c.h; path = Tire.h; sourceTree = "<group>"; };
		06005B9F1C8E688D00404292 /* Tire.m */ = {isa = PBXFileReference; fileEncoding = 4; lastKnownFileType = sourcecode.c.objc; path = Tire.m; sourceTree = "<group>"; };
		06005BA61C8E694C00404292 /* main.m */ = {isa = PBXFileReference; fileEncoding = 4; lastKnownFileType = sourcecode.c.objc; path = main.m; sourceTree = "<group>"; };
		06005BA81C8E69D700404292 /* Garage.h */ = {isa = PBXFileReference; fileEncoding = 4; lastKnownFileType = sourcecode.c.h; path = Garage.h; sourceTree = "<group>"; };
		06005BA91C8E69D700404292 /* Garage.m */ = {isa = PBXFileReference; fileEncoding = 4; lastKnownFileType = sourcecode.c.objc; path = Garage.m; sourceTree = "<group>"; };
/* End PBXFileReference section */

/* Begin PBXFrameworksBuildPhase section */
		06005B881C8E685E00404292 /* Frameworks */ = {
			isa = PBXFrameworksBuildPhase;
			buildActionMask = 2147483647;
			files = (
			);
			runOnlyForDeploymentPostprocessing = 0;
		};
/* End PBXFrameworksBuildPhase section */

/* Begin PBXGroup section */
		06005B821C8E685E00404292 = {
			isa = PBXGroup;
			children = (
				06005B8D1C8E685E00404292 /* 18.02 CarValueGaraging */,
				06005B8C1C8E685E00404292 /* Products */,
			);
			sourceTree = "<group>";
		};
		06005B8C1C8E685E00404292 /* Products */ = {
			isa = PBXGroup;
			children = (
				06005B8B1C8E685E00404292 /* 18.02 CarValueGaraging */,
			);
			name = Products;
			sourceTree = "<group>";
		};
		06005B8D1C8E685E00404292 /* 18.02 CarValueGaraging */ = {
			isa = PBXGroup;
			children = (
				06005B951C8E688D00404292 /* AllWeatherRadial.h */,
				06005B961C8E688D00404292 /* AllWeatherRadial.m */,
				06005BA61C8E694C00404292 /* main.m */,
				06005B971C8E688D00404292 /* Car.h */,
				06005B981C8E688D00404292 /* Car.m */,
				06005B991C8E688D00404292 /* Engine.h */,
				06005B9A1C8E688D00404292 /* Engine.m */,
				06005B9C1C8E688D00404292 /* Slant6.h */,
				06005B9D1C8E688D00404292 /* Slant6.m */,
				06005B9E1C8E688D00404292 /* Tire.h */,
				06005B9F1C8E688D00404292 /* Tire.m */,
				06005BA81C8E69D700404292 /* Garage.h */,
				06005BA91C8E69D700404292 /* Garage.m */,
			);
			path = "18.02 CarValueGaraging";
			sourceTree = "<group>";
		};
/* End PBXGroup section */

/* Begin PBXNativeTarget section */
		06005B8A1C8E685E00404292 /* 18.02 CarValueGaraging */ = {
			isa = PBXNativeTarget;
			buildConfigurationList = 06005B921C8E685E00404292 /* Build configuration list for PBXNativeTarget "18.02 CarValueGaraging" */;
			buildPhases = (
				06005B871C8E685E00404292 /* Sources */,
				06005B881C8E685E00404292 /* Frameworks */,
				06005B891C8E685E00404292 /* CopyFiles */,
			);
			buildRules = (
			);
			dependencies = (
			);
			name = "18.02 CarValueGaraging";
			productName = "18.02 CarValueGaraging";
			productReference = 06005B8B1C8E685E00404292 /* 18.02 CarValueGaraging */;
			productType = "com.apple.product-type.tool";
		};
/* End PBXNativeTarget section */

/* Begin PBXProject section */
		06005B831C8E685E00404292 /* Project object */ = {
			isa = PBXProject;
			attributes = {
				LastUpgradeCheck = 0710;
				ORGANIZATIONNAME = liupeng;
				TargetAttributes = {
					06005B8A1C8E685E00404292 = {
						CreatedOnToolsVersion = 7.1;
					};
				};
			};
			buildConfigurationList = 06005B861C8E685E00404292 /* Build configuration list for PBXProject "18.02 CarValueGaraging" */;
			compatibilityVersion = "Xcode 3.2";
			developmentRegion = English;
			hasScannedForEncodings = 0;
			knownRegions = (
				en,
			);
			mainGroup = 06005B821C8E685E00404292;
			productRefGroup = 06005B8C1C8E685E00404292 /* Products */;
			projectDirPath = "";
			projectRoot = "";
			targets = (
				06005B8A1C8E685E00404292 /* 18.02 CarValueGaraging */,
			);
		};
/* End PBXProject section */

/* Begin PBXSourcesBuildPhase section */
		06005B871C8E685E00404292 /* Sources */ = {
			isa = PBXSourcesBuildPhase;
			buildActionMask = 2147483647;
			files = (
				06005BAA1C8E69D700404292 /* Garage.m in Sources */,
				06005BA51C8E688D00404292 /* Tire.m in Sources */,
				06005BA41C8E688D00404292 /* Slant6.m in Sources */,
				06005BA11C8E688D00404292 /* Car.m in Sources */,
				06005BA21C8E688D00404292 /* Engine.m in Sources */,
				06005BA71C8E694C00404292 /* main.m in Sources */,
				06005BA01C8E688D00404292 /* AllWeatherRadial.m in Sources */,
			);
			runOnlyForDeploymentPostprocessing = 0;
		};
/* End PBXSourcesBuildPhase section */

/* Begin XCBuildConfiguration section */
		06005B901C8E685E00404292 /* Debug */ = {
			isa = XCBuildConfiguration;
			buildSettings = {
				ALWAYS_SEARCH_USER_PATHS = NO;
				CLANG_CXX_LANGUAGE_STANDARD = "gnu++0x";
				CLANG_CXX_LIBRARY = "libc++";
				CLANG_ENABLE_MODULES = YES;
				CLANG_ENABLE_OBJC_ARC = YES;
				CLANG_WARN_BOOL_CONVERSION = YES;
				CLANG_WARN_CONSTANT_CONVERSION = YES;
				CLANG_WARN_DIRECT_OBJC_ISA_USAGE = YES_ERROR;
				CLANG_WARN_EMPTY_BODY = YES;
				CLANG_WARN_ENUM_CONVERSION = YES;
				CLANG_WARN_INT_CONVERSION = YES;
				CLANG_WARN_OBJC_ROOT_CLASS = YES_ERROR;
				CLANG_WARN_UNREACHABLE_CODE = YES;
				CLANG_WARN__DUPLICATE_METHOD_MATCH = YES;
				CODE_SIGN_IDENTITY = "-";
				COPY_PHASE_STRIP = NO;
				DEBUG_INFORMATION_FORMAT = dwarf;
				ENABLE_STRICT_OBJC_MSGSEND = YES;
				ENABLE_TESTABILITY = YES;
				GCC_C_LANGUAGE_STANDARD = gnu99;
				GCC_DYNAMIC_NO_PIC = NO;
				GCC_NO_COMMON_BLOCKS = YES;
				GCC_OPTIMIZATION_LEVEL = 0;
				GCC_PREPROCESSOR_DEFINITIONS = (
					"DEBUG=1",
					"$(inherited)",
				);
				GCC_WARN_64_TO_32_BIT_CONVERSION = YES;
				GCC_WARN_ABOUT_RETURN_TYPE = YES_ERROR;
				GCC_WARN_UNDECLARED_SELECTOR = YES;
				GCC_WARN_UNINITIALIZED_AUTOS = YES_AGGRESSIVE;
				GCC_WARN_UNUSED_FUNCTION = YES;
				GCC_WARN_UNUSED_VARIABLE = YES;
				MACOSX_DEPLOYMENT_TARGET = 10.10;
				MTL_ENABLE_DEBUG_INFO = YES;
				ONLY_ACTIVE_ARCH = YES;
				SDKROOT = macosx;
			};
			name = Debug;
		};
		06005B911C8E685E00404292 /* Release */ = {
			isa = XCBuildConfiguration;
			buildSettings = {
				ALWAYS_SEARCH_USER_PATHS = NO;
				CLANG_CXX_LANGUAGE_STANDARD = "gnu++0x";
				CLANG_CXX_LIBRARY = "libc++";
				CLANG_ENABLE_MODULES = YES;
				CLANG_ENABLE_OBJC_ARC = YES;
				CLANG_WARN_BOOL_CONVERSION = YES;
				CLANG_WARN_CONSTANT_CONVERSION = YES;
				CLANG_WARN_DIRECT_OBJC_ISA_USAGE = YES_ERROR;
				CLANG_WARN_EMPTY_BODY = YES;
				CLANG_WARN_ENUM_CONVERSION = YES;
				CLANG_WARN_INT_CONVERSION = YES;
				CLANG_WARN_OBJC_ROOT_CLASS = YES_ERROR;
				CLANG_WARN_UNREACHABLE_CODE = YES;
				CLANG_WARN__DUPLICATE_METHOD_MATCH = YES;
				CODE_SIGN_IDENTITY = "-";
				COPY_PHASE_STRIP = NO;
				DEBUG_INFORMATION_FORMAT = "dwarf-with-dsym";
				ENABLE_NS_ASSERTIONS = NO;
				ENABLE_STRICT_OBJC_MSGSEND = YES;
				GCC_C_LANGUAGE_STANDARD = gnu99;
				GCC_NO_COMMON_BLOCKS = YES;
				GCC_WARN_64_TO_32_BIT_CONVERSION = YES;
				GCC_WARN_ABOUT_RETURN_TYPE = YES_ERROR;
				GCC_WARN_UNDECLARED_SELECTOR = YES;
				GCC_WARN_UNINITIALIZED_AUTOS = YES_AGGRESSIVE;
				GCC_WARN_UNUSED_FUNCTION = YES;
				GCC_WARN_UNUSED_VARIABLE = YES;
				MACOSX_DEPLOYMENT_TARGET = 10.10;
				MTL_ENABLE_DEBUG_INFO = NO;
				SDKROOT = macosx;
			};
			name = Release;
		};
		06005B931C8E685E00404292 /* Debug */ = {
			isa = XCBuildConfiguration;
			buildSettings = {
				CLANG_ENABLE_OBJC_ARC = NO;
				PRODUCT_NAME = "$(TARGET_NAME)";
			};
			name = Debug;
		};
		06005B941C8E685E00404292 /* Release */ = {
			isa = XCBuildConfiguration;
			buildSettings = {
				CLANG_ENABLE_OBJC_ARC = NO;
				PRODUCT_NAME = "$(TARGET_NAME)";
			};
			name = Release;
		};
/* End XCBuildConfiguration section */

/* Begin XCConfigurationList section */
		06005B861C8E685E00404292 /* Build configuration list for PBXProject "18.02 CarValueGaraging" */ = {
			isa = XCConfigurationList;
			buildConfigurations = (
				06005B901C8E685E00404292 /* Debug */,
				06005B911C8E685E00404292 /* Release */,
			);
			defaultConfigurationIsVisible = 0;
			defaultConfigurationName = Release;
		};
		06005B921C8E685E00404292 /* Build configuration list for PBXNativeTarget "18.02 CarValueGaraging" */ = {
			isa = XCConfigurationList;
			buildConfigurations = (
				06005B931C8E685E00404292 /* Debug */,
				06005B941C8E685E00404292 /* Release */,
			);
			defaultConfigurationIsVisible = 0;
		};
/* End XCConfigurationList section */
	};
	rootObject = 06005B831C8E685E00404292 /* Project object */;
}
