// !$*UTF8*$!
{
	archiveVersion = 1;
	classes = {
	};
	objectVersion = 46;
	objects = {

/* Begin PBXBuildFile section */
		063AD3C01C7C982A00F4504C /* main.m in Sources */ = {isa = PBXBuildFile; fileRef = 063AD3BF1C7C982A00F4504C /* main.m */; };
/* End PBXBuildFile section */

/* Begin PBXCopyFilesBuildPhase section */
		063AD3BA1C7C982A00F4504C /* CopyFiles */ = {
			isa = PBXCopyFilesBuildPhase;
			buildActionMask = 2147483647;
			dstPath = /usr/share/man/man1/;
			dstSubfolderSpec = 0;
			files = (
			);
			runOnlyForDeploymentPostprocessing = 1;
		};
/* End PBXCopyFilesBuildPhase section */

/* Begin PBXFileReference section */
		063AD3BC1C7C982A00F4504C /* 02.02-BOOL Party */ = {isa = PBXFileReference; explicitFileType = "compiled.mach-o.executable"; includeInIndex = 0; path = "02.02-BOOL Party"; sourceTree = BUILT_PRODUCTS_DIR; };
		063AD3BF1C7C982A00F4504C /* main.m */ = {isa = PBXFileReference; lastKnownFileType = sourcecode.c.objc; path = main.m; sourceTree = "<group>"; };
/* End PBXFileReference section */

/* Begin PBXFrameworksBuildPhase section */
		063AD3B91C7C982A00F4504C /* Frameworks */ = {
			isa = PBXFrameworksBuildPhase;
			buildActionMask = 2147483647;
			files = (
			);
			runOnlyForDeploymentPostprocessing = 0;
		};
/* End PBXFrameworksBuildPhase section */

/* Begin PBXGroup section */
		063AD3B31C7C982A00F4504C = {
			isa = PBXGroup;
			children = (
				063AD3BE1C7C982A00F4504C /* 02.02-BOOL Party */,
				063AD3BD1C7C982A00F4504C /* Products */,
			);
			sourceTree = "<group>";
		};
		063AD3BD1C7C982A00F4504C /* Products */ = {
			isa = PBXGroup;
			children = (
				063AD3BC1C7C982A00F4504C /* 02.02-BOOL Party */,
			);
			name = Products;
			sourceTree = "<group>";
		};
		063AD3BE1C7C982A00F4504C /* 02.02-BOOL Party */ = {
			isa = PBXGroup;
			children = (
				063AD3BF1C7C982A00F4504C /* main.m */,
			);
			path = "02.02-BOOL Party";
			sourceTree = "<group>";
		};
/* End PBXGroup section */

/* Begin PBXNativeTarget section */
		063AD3BB1C7C982A00F4504C /* 02.02-BOOL Party */ = {
			isa = PBXNativeTarget;
			buildConfigurationList = 063AD3C31C7C982A00F4504C /* Build configuration list for PBXNativeTarget "02.02-BOOL Party" */;
			buildPhases = (
				063AD3B81C7C982A00F4504C /* Sources */,
				063AD3B91C7C982A00F4504C /* Frameworks */,
				063AD3BA1C7C982A00F4504C /* CopyFiles */,
			);
			buildRules = (
			);
			dependencies = (
			);
			name = "02.02-BOOL Party";
			productName = "02.02-BOOL Party";
			productReference = 063AD3BC1C7C982A00F4504C /* 02.02-BOOL Party */;
			productType = "com.apple.product-type.tool";
		};
/* End PBXNativeTarget section */

/* Begin PBXProject section */
		063AD3B41C7C982A00F4504C /* Project object */ = {
			isa = PBXProject;
			attributes = {
				LastUpgradeCheck = 0710;
				ORGANIZATIONNAME = liuPeng;
				TargetAttributes = {
					063AD3BB1C7C982A00F4504C = {
						CreatedOnToolsVersion = 7.1;
					};
				};
			};
			buildConfigurationList = 063AD3B71C7C982A00F4504C /* Build configuration list for PBXProject "02.02-BOOL Party" */;
			compatibilityVersion = "Xcode 3.2";
			developmentRegion = English;
			hasScannedForEncodings = 0;
			knownRegions = (
				en,
			);
			mainGroup = 063AD3B31C7C982A00F4504C;
			productRefGroup = 063AD3BD1C7C982A00F4504C /* Products */;
			projectDirPath = "";
			projectRoot = "";
			targets = (
				063AD3BB1C7C982A00F4504C /* 02.02-BOOL Party */,
			);
		};
/* End PBXProject section */

/* Begin PBXSourcesBuildPhase section */
		063AD3B81C7C982A00F4504C /* Sources */ = {
			isa = PBXSourcesBuildPhase;
			buildActionMask = 2147483647;
			files = (
				063AD3C01C7C982A00F4504C /* main.m in Sources */,
			);
			runOnlyForDeploymentPostprocessing = 0;
		};
/* End PBXSourcesBuildPhase section */

/* Begin XCBuildConfiguration section */
		063AD3C11C7C982A00F4504C /* Debug */ = {
			isa = XCBuildConfiguration;
			buildSettings = {
				ALWAYS_SEARCH_USER_PATHS = NO;
				CLANG_CXX_LANGUAGE_STANDARD = "gnu++0x";
				CLANG_CXX_LIBRARY = "libc++";
				CLANG_ENABLE_MODULES = YES;
				CLANG_ENABLE_OBJC_ARC = YES;
				CLANG_WARN_BOOL_CONVERSION = YES;
				CLANG_WARN_CONSTANT_CONVERSION = YES;
				CLANG_WARN_DIRECT_OBJC_ISA_USAGE = YES_ERROR;
				CLANG_WARN_EMPTY_BODY = YES;
				CLANG_WARN_ENUM_CONVERSION = YES;
				CLANG_WARN_INT_CONVERSION = YES;
				CLANG_WARN_OBJC_ROOT_CLASS = YES_ERROR;
				CLANG_WARN_UNREACHABLE_CODE = YES;
				CLANG_WARN__DUPLICATE_METHOD_MATCH = YES;
				CODE_SIGN_IDENTITY = "-";
				COPY_PHASE_STRIP = NO;
				DEBUG_INFORMATION_FORMAT = dwarf;
				ENABLE_STRICT_OBJC_MSGSEND = YES;
				ENABLE_TESTABILITY = YES;
				GCC_C_LANGUAGE_STANDARD = gnu99;
				GCC_DYNAMIC_NO_PIC = NO;
				GCC_NO_COMMON_BLOCKS = YES;
				GCC_OPTIMIZATION_LEVEL = 0;
				GCC_PREPROCESSOR_DEFINITIONS = (
					"DEBUG=1",
					"$(inherited)",
				);
				GCC_WARN_64_TO_32_BIT_CONVERSION = YES;
				GCC_WARN_ABOUT_RETURN_TYPE = YES_ERROR;
				GCC_WARN_UNDECLARED_SELECTOR = YES;
				GCC_WARN_UNINITIALIZED_AUTOS = YES_AGGRESSIVE;
				GCC_WARN_UNUSED_FUNCTION = YES;
				GCC_WARN_UNUSED_VARIABLE = YES;
				MACOSX_DEPLOYMENT_TARGET = 10.11;
				MTL_ENABLE_DEBUG_INFO = YES;
				ONLY_ACTIVE_ARCH = YES;
				SDKROOT = macosx;
			};
			name = Debug;
		};
		063AD3C21C7C982A00F4504C /* Release */ = {
			isa = XCBuildConfiguration;
			buildSettings = {
				ALWAYS_SEARCH_USER_PATHS = NO;
				CLANG_CXX_LANGUAGE_STANDARD = "gnu++0x";
				CLANG_CXX_LIBRARY = "libc++";
				CLANG_ENABLE_MODULES = YES;
				CLANG_ENABLE_OBJC_ARC = YES;
				CLANG_WARN_BOOL_CONVERSION = YES;
				CLANG_WARN_CONSTANT_CONVERSION = YES;
				CLANG_WARN_DIRECT_OBJC_ISA_USAGE = YES_ERROR;
				CLANG_WARN_EMPTY_BODY = YES;
				CLANG_WARN_ENUM_CONVERSION = YES;
				CLANG_WARN_INT_CONVERSION = YES;
				CLANG_WARN_OBJC_ROOT_CLASS = YES_ERROR;
				CLANG_WARN_UNREACHABLE_CODE = YES;
				CLANG_WARN__DUPLICATE_METHOD_MATCH = YES;
				CODE_SIGN_IDENTITY = "-";
				COPY_PHASE_STRIP = NO;
				DEBUG_INFORMATION_FORMAT = "dwarf-with-dsym";
				ENABLE_NS_ASSERTIONS = NO;
				ENABLE_STRICT_OBJC_MSGSEND = YES;
				GCC_C_LANGUAGE_STANDARD = gnu99;
				GCC_NO_COMMON_BLOCKS = YES;
				GCC_WARN_64_TO_32_BIT_CONVERSION = YES;
				GCC_WARN_ABOUT_RETURN_TYPE = YES_ERROR;
				GCC_WARN_UNDECLARED_SELECTOR = YES;
				GCC_WARN_UNINITIALIZED_AUTOS = YES_AGGRESSIVE;
				GCC_WARN_UNUSED_FUNCTION = YES;
				GCC_WARN_UNUSED_VARIABLE = YES;
				MACOSX_DEPLOYMENT_TARGET = 10.11;
				MTL_ENABLE_DEBUG_INFO = NO;
				SDKROOT = macosx;
			};
			name = Release;
		};
		063AD3C41C7C982A00F4504C /* Debug */ = {
			isa = XCBuildConfiguration;
			buildSettings = {
				PRODUCT_NAME = "$(TARGET_NAME)";
			};
			name = Debug;
		};
		063AD3C51C7C982A00F4504C /* Release */ = {
			isa = XCBuildConfiguration;
			buildSettings = {
				PRODUCT_NAME = "$(TARGET_NAME)";
			};
			name = Release;
		};
/* End XCBuildConfiguration section */

/* Begin XCConfigurationList section */
		063AD3B71C7C982A00F4504C /* Build configuration list for PBXProject "02.02-BOOL Party" */ = {
			isa = XCConfigurationList;
			buildConfigurations = (
				063AD3C11C7C982A00F4504C /* Debug */,
				063AD3C21C7C982A00F4504C /* Release */,
			);
			defaultConfigurationIsVisible = 0;
			defaultConfigurationName = Release;
		};
		063AD3C31C7C982A00F4504C /* Build configuration list for PBXNativeTarget "02.02-BOOL Party" */ = {
			isa = XCConfigurationList;
			buildConfigurations = (
				063AD3C41C7C982A00F4504C /* Debug */,
				063AD3C51C7C982A00F4504C /* Release */,
			);
			defaultConfigurationIsVisible = 0;
		};
/* End XCConfigurationList section */
	};
	rootObject = 063AD3B41C7C982A00F4504C /* Project object */;
}
