// !$*UTF8*$!
{
	archiveVersion = 1;
	classes = {
	};
	objectVersion = 46;
	objects = {

/* Begin PBXBuildFile section */
		06AE04E31C86F2220021EF1C /* main.m in Sources */ = {isa = PBXBuildFile; fileRef = 06AE04E21C86F2220021EF1C /* main.m */; };
		06AE04EB1C86F2560021EF1C /* CategoryThing.m in Sources */ = {isa = PBXBuildFile; fileRef = 06AE04EA1C86F2560021EF1C /* CategoryThing.m */; };
		06AE04F21C86F4CD0021EF1C /* Thing1.m in Sources */ = {isa = PBXBuildFile; fileRef = 06AE04F11C86F4CD0021EF1C /* Thing1.m */; };
		06AE04F41C86F4F40021EF1C /* Thing2.m in Sources */ = {isa = PBXBuildFile; fileRef = 06AE04F31C86F4F40021EF1C /* Thing2.m */; };
		06AE04F61C86F50E0021EF1C /* Thing3.m in Sources */ = {isa = PBXBuildFile; fileRef = 06AE04F51C86F50E0021EF1C /* Thing3.m */; };
/* End PBXBuildFile section */

/* Begin PBXCopyFilesBuildPhase section */
		06AE04DD1C86F2220021EF1C /* CopyFiles */ = {
			isa = PBXCopyFilesBuildPhase;
			buildActionMask = 2147483647;
			dstPath = /usr/share/man/man1/;
			dstSubfolderSpec = 0;
			files = (
			);
			runOnlyForDeploymentPostprocessing = 1;
		};
/* End PBXCopyFilesBuildPhase section */

/* Begin PBXFileReference section */
		06AE04DF1C86F2220021EF1C /* 12.03 CategoryThing */ = {isa = PBXFileReference; explicitFileType = "compiled.mach-o.executable"; includeInIndex = 0; path = "12.03 CategoryThing"; sourceTree = BUILT_PRODUCTS_DIR; };
		06AE04E21C86F2220021EF1C /* main.m */ = {isa = PBXFileReference; lastKnownFileType = sourcecode.c.objc; path = main.m; sourceTree = "<group>"; };
		06AE04E91C86F2560021EF1C /* CategoryThing.h */ = {isa = PBXFileReference; fileEncoding = 4; lastKnownFileType = sourcecode.c.h; path = CategoryThing.h; sourceTree = "<group>"; };
		06AE04EA1C86F2560021EF1C /* CategoryThing.m */ = {isa = PBXFileReference; fileEncoding = 4; lastKnownFileType = sourcecode.c.objc; path = CategoryThing.m; sourceTree = "<group>"; };
		06AE04F11C86F4CD0021EF1C /* Thing1.m */ = {isa = PBXFileReference; fileEncoding = 4; lastKnownFileType = sourcecode.c.objc; path = Thing1.m; sourceTree = "<group>"; };
		06AE04F31C86F4F40021EF1C /* Thing2.m */ = {isa = PBXFileReference; fileEncoding = 4; lastKnownFileType = sourcecode.c.objc; path = Thing2.m; sourceTree = "<group>"; };
		06AE04F51C86F50E0021EF1C /* Thing3.m */ = {isa = PBXFileReference; fileEncoding = 4; lastKnownFileType = sourcecode.c.objc; path = Thing3.m; sourceTree = "<group>"; };
/* End PBXFileReference section */

/* Begin PBXFrameworksBuildPhase section */
		06AE04DC1C86F2220021EF1C /* Frameworks */ = {
			isa = PBXFrameworksBuildPhase;
			buildActionMask = 2147483647;
			files = (
			);
			runOnlyForDeploymentPostprocessing = 0;
		};
/* End PBXFrameworksBuildPhase section */

/* Begin PBXGroup section */
		06AE04D61C86F2220021EF1C = {
			isa = PBXGroup;
			children = (
				06AE04E11C86F2220021EF1C /* 12.03 CategoryThing */,
				06AE04E01C86F2220021EF1C /* Products */,
			);
			sourceTree = "<group>";
		};
		06AE04E01C86F2220021EF1C /* Products */ = {
			isa = PBXGroup;
			children = (
				06AE04DF1C86F2220021EF1C /* 12.03 CategoryThing */,
			);
			name = Products;
			sourceTree = "<group>";
		};
		06AE04E11C86F2220021EF1C /* 12.03 CategoryThing */ = {
			isa = PBXGroup;
			children = (
				06AE04E21C86F2220021EF1C /* main.m */,
				06AE04E91C86F2560021EF1C /* CategoryThing.h */,
				06AE04F11C86F4CD0021EF1C /* Thing1.m */,
				06AE04F31C86F4F40021EF1C /* Thing2.m */,
				06AE04F51C86F50E0021EF1C /* Thing3.m */,
				06AE04EA1C86F2560021EF1C /* CategoryThing.m */,
			);
			path = "12.03 CategoryThing";
			sourceTree = "<group>";
		};
/* End PBXGroup section */

/* Begin PBXNativeTarget section */
		06AE04DE1C86F2220021EF1C /* 12.03 CategoryThing */ = {
			isa = PBXNativeTarget;
			buildConfigurationList = 06AE04E61C86F2220021EF1C /* Build configuration list for PBXNativeTarget "12.03 CategoryThing" */;
			buildPhases = (
				06AE04DB1C86F2220021EF1C /* Sources */,
				06AE04DC1C86F2220021EF1C /* Frameworks */,
				06AE04DD1C86F2220021EF1C /* CopyFiles */,
			);
			buildRules = (
			);
			dependencies = (
			);
			name = "12.03 CategoryThing";
			productName = "12.03 CategoryThing";
			productReference = 06AE04DF1C86F2220021EF1C /* 12.03 CategoryThing */;
			productType = "com.apple.product-type.tool";
		};
/* End PBXNativeTarget section */

/* Begin PBXProject section */
		06AE04D71C86F2220021EF1C /* Project object */ = {
			isa = PBXProject;
			attributes = {
				LastUpgradeCheck = 0710;
				ORGANIZATIONNAME = liupeng;
				TargetAttributes = {
					06AE04DE1C86F2220021EF1C = {
						CreatedOnToolsVersion = 7.1;
					};
				};
			};
			buildConfigurationList = 06AE04DA1C86F2220021EF1C /* Build configuration list for PBXProject "12.03 CategoryThing" */;
			compatibilityVersion = "Xcode 3.2";
			developmentRegion = English;
			hasScannedForEncodings = 0;
			knownRegions = (
				en,
			);
			mainGroup = 06AE04D61C86F2220021EF1C;
			productRefGroup = 06AE04E01C86F2220021EF1C /* Products */;
			projectDirPath = "";
			projectRoot = "";
			targets = (
				06AE04DE1C86F2220021EF1C /* 12.03 CategoryThing */,
			);
		};
/* End PBXProject section */

/* Begin PBXSourcesBuildPhase section */
		06AE04DB1C86F2220021EF1C /* Sources */ = {
			isa = PBXSourcesBuildPhase;
			buildActionMask = 2147483647;
			files = (
				06AE04EB1C86F2560021EF1C /* CategoryThing.m in Sources */,
				06AE04E31C86F2220021EF1C /* main.m in Sources */,
				06AE04F61C86F50E0021EF1C /* Thing3.m in Sources */,
				06AE04F21C86F4CD0021EF1C /* Thing1.m in Sources */,
				06AE04F41C86F4F40021EF1C /* Thing2.m in Sources */,
			);
			runOnlyForDeploymentPostprocessing = 0;
		};
/* End PBXSourcesBuildPhase section */

/* Begin XCBuildConfiguration section */
		06AE04E41C86F2220021EF1C /* Debug */ = {
			isa = XCBuildConfiguration;
			buildSettings = {
				ALWAYS_SEARCH_USER_PATHS = NO;
				CLANG_CXX_LANGUAGE_STANDARD = "gnu++0x";
				CLANG_CXX_LIBRARY = "libc++";
				CLANG_ENABLE_MODULES = YES;
				CLANG_ENABLE_OBJC_ARC = YES;
				CLANG_WARN_BOOL_CONVERSION = YES;
				CLANG_WARN_CONSTANT_CONVERSION = YES;
				CLANG_WARN_DIRECT_OBJC_ISA_USAGE = YES_ERROR;
				CLANG_WARN_EMPTY_BODY = YES;
				CLANG_WARN_ENUM_CONVERSION = YES;
				CLANG_WARN_INT_CONVERSION = YES;
				CLANG_WARN_OBJC_ROOT_CLASS = YES_ERROR;
				CLANG_WARN_UNREACHABLE_CODE = YES;
				CLANG_WARN__DUPLICATE_METHOD_MATCH = YES;
				CODE_SIGN_IDENTITY = "-";
				COPY_PHASE_STRIP = NO;
				DEBUG_INFORMATION_FORMAT = dwarf;
				ENABLE_STRICT_OBJC_MSGSEND = YES;
				ENABLE_TESTABILITY = YES;
				GCC_C_LANGUAGE_STANDARD = gnu99;
				GCC_DYNAMIC_NO_PIC = NO;
				GCC_NO_COMMON_BLOCKS = YES;
				GCC_OPTIMIZATION_LEVEL = 0;
				GCC_PREPROCESSOR_DEFINITIONS = (
					"DEBUG=1",
					"$(inherited)",
				);
				GCC_WARN_64_TO_32_BIT_CONVERSION = YES;
				GCC_WARN_ABOUT_RETURN_TYPE = YES_ERROR;
				GCC_WARN_UNDECLARED_SELECTOR = YES;
				GCC_WARN_UNINITIALIZED_AUTOS = YES_AGGRESSIVE;
				GCC_WARN_UNUSED_FUNCTION = YES;
				GCC_WARN_UNUSED_VARIABLE = YES;
				MACOSX_DEPLOYMENT_TARGET = 10.10;
				MTL_ENABLE_DEBUG_INFO = YES;
				ONLY_ACTIVE_ARCH = YES;
				SDKROOT = macosx;
			};
			name = Debug;
		};
		06AE04E51C86F2220021EF1C /* Release */ = {
			isa = XCBuildConfiguration;
			buildSettings = {
				ALWAYS_SEARCH_USER_PATHS = NO;
				CLANG_CXX_LANGUAGE_STANDARD = "gnu++0x";
				CLANG_CXX_LIBRARY = "libc++";
				CLANG_ENABLE_MODULES = YES;
				CLANG_ENABLE_OBJC_ARC = YES;
				CLANG_WARN_BOOL_CONVERSION = YES;
				CLANG_WARN_CONSTANT_CONVERSION = YES;
				CLANG_WARN_DIRECT_OBJC_ISA_USAGE = YES_ERROR;
				CLANG_WARN_EMPTY_BODY = YES;
				CLANG_WARN_ENUM_CONVERSION = YES;
				CLANG_WARN_INT_CONVERSION = YES;
				CLANG_WARN_OBJC_ROOT_CLASS = YES_ERROR;
				CLANG_WARN_UNREACHABLE_CODE = YES;
				CLANG_WARN__DUPLICATE_METHOD_MATCH = YES;
				CODE_SIGN_IDENTITY = "-";
				COPY_PHASE_STRIP = NO;
				DEBUG_INFORMATION_FORMAT = "dwarf-with-dsym";
				ENABLE_NS_ASSERTIONS = NO;
				ENABLE_STRICT_OBJC_MSGSEND = YES;
				GCC_C_LANGUAGE_STANDARD = gnu99;
				GCC_NO_COMMON_BLOCKS = YES;
				GCC_WARN_64_TO_32_BIT_CONVERSION = YES;
				GCC_WARN_ABOUT_RETURN_TYPE = YES_ERROR;
				GCC_WARN_UNDECLARED_SELECTOR = YES;
				GCC_WARN_UNINITIALIZED_AUTOS = YES_AGGRESSIVE;
				GCC_WARN_UNUSED_FUNCTION = YES;
				GCC_WARN_UNUSED_VARIABLE = YES;
				MACOSX_DEPLOYMENT_TARGET = 10.10;
				MTL_ENABLE_DEBUG_INFO = NO;
				SDKROOT = macosx;
			};
			name = Release;
		};
		06AE04E71C86F2220021EF1C /* Debug */ = {
			isa = XCBuildConfiguration;
			buildSettings = {
				PRODUCT_NAME = "$(TARGET_NAME)";
			};
			name = Debug;
		};
		06AE04E81C86F2220021EF1C /* Release */ = {
			isa = XCBuildConfiguration;
			buildSettings = {
				PRODUCT_NAME = "$(TARGET_NAME)";
			};
			name = Release;
		};
/* End XCBuildConfiguration section */

/* Begin XCConfigurationList section */
		06AE04DA1C86F2220021EF1C /* Build configuration list for PBXProject "12.03 CategoryThing" */ = {
			isa = XCConfigurationList;
			buildConfigurations = (
				06AE04E41C86F2220021EF1C /* Debug */,
				06AE04E51C86F2220021EF1C /* Release */,
			);
			defaultConfigurationIsVisible = 0;
			defaultConfigurationName = Release;
		};
		06AE04E61C86F2220021EF1C /* Build configuration list for PBXNativeTarget "12.03 CategoryThing" */ = {
			isa = XCConfigurationList;
			buildConfigurations = (
				06AE04E71C86F2220021EF1C /* Debug */,
				06AE04E81C86F2220021EF1C /* Release */,
			);
			defaultConfigurationIsVisible = 0;
		};
/* End XCConfigurationList section */
	};
	rootObject = 06AE04D71C86F2220021EF1C /* Project object */;
}
