// !$*UTF8*$!
{
	archiveVersion = 1;
	classes = {
	};
	objectVersion = 46;
	objects = {

/* Begin PBXBuildFile section */
		060A2E9D1C7D868C0054BC31 /* main.m in Sources */ = {isa = PBXBuildFile; fileRef = 060A2E9C1C7D868C0054BC31 /* main.m */; };
/* End PBXBuildFile section */

/* Begin PBXCopyFilesBuildPhase section */
		060A2E971C7D868C0054BC31 /* CopyFiles */ = {
			isa = PBXCopyFilesBuildPhase;
			buildActionMask = 2147483647;
			dstPath = /usr/share/man/man1/;
			dstSubfolderSpec = 0;
			files = (
			);
			runOnlyForDeploymentPostprocessing = 1;
		};
/* End PBXCopyFilesBuildPhase section */

/* Begin PBXFileReference section */
		060A2E991C7D868C0054BC31 /* 03.04 Shapes-Object */ = {isa = PBXFileReference; explicitFileType = "compiled.mach-o.executable"; includeInIndex = 0; path = "03.04 Shapes-Object"; sourceTree = BUILT_PRODUCTS_DIR; };
		060A2E9C1C7D868C0054BC31 /* main.m */ = {isa = PBXFileReference; lastKnownFileType = sourcecode.c.objc; path = main.m; sourceTree = "<group>"; };
/* End PBXFileReference section */

/* Begin PBXFrameworksBuildPhase section */
		060A2E961C7D868C0054BC31 /* Frameworks */ = {
			isa = PBXFrameworksBuildPhase;
			buildActionMask = 2147483647;
			files = (
			);
			runOnlyForDeploymentPostprocessing = 0;
		};
/* End PBXFrameworksBuildPhase section */

/* Begin PBXGroup section */
		060A2E901C7D868C0054BC31 = {
			isa = PBXGroup;
			children = (
				060A2E9B1C7D868C0054BC31 /* 03.04 Shapes-Object */,
				060A2E9A1C7D868C0054BC31 /* Products */,
			);
			sourceTree = "<group>";
		};
		060A2E9A1C7D868C0054BC31 /* Products */ = {
			isa = PBXGroup;
			children = (
				060A2E991C7D868C0054BC31 /* 03.04 Shapes-Object */,
			);
			name = Products;
			sourceTree = "<group>";
		};
		060A2E9B1C7D868C0054BC31 /* 03.04 Shapes-Object */ = {
			isa = PBXGroup;
			children = (
				060A2E9C1C7D868C0054BC31 /* main.m */,
			);
			path = "03.04 Shapes-Object";
			sourceTree = "<group>";
		};
/* End PBXGroup section */

/* Begin PBXNativeTarget section */
		060A2E981C7D868C0054BC31 /* 03.04 Shapes-Object */ = {
			isa = PBXNativeTarget;
			buildConfigurationList = 060A2EA01C7D868C0054BC31 /* Build configuration list for PBXNativeTarget "03.04 Shapes-Object" */;
			buildPhases = (
				060A2E951C7D868C0054BC31 /* Sources */,
				060A2E961C7D868C0054BC31 /* Frameworks */,
				060A2E971C7D868C0054BC31 /* CopyFiles */,
			);
			buildRules = (
			);
			dependencies = (
			);
			name = "03.04 Shapes-Object";
			productName = "03.04 Shapes-Object";
			productReference = 060A2E991C7D868C0054BC31 /* 03.04 Shapes-Object */;
			productType = "com.apple.product-type.tool";
		};
/* End PBXNativeTarget section */

/* Begin PBXProject section */
		060A2E911C7D868C0054BC31 /* Project object */ = {
			isa = PBXProject;
			attributes = {
				LastUpgradeCheck = 0710;
				ORGANIZATIONNAME = liupeng;
				TargetAttributes = {
					060A2E981C7D868C0054BC31 = {
						CreatedOnToolsVersion = 7.1;
					};
				};
			};
			buildConfigurationList = 060A2E941C7D868C0054BC31 /* Build configuration list for PBXProject "03.04 Shapes-Object" */;
			compatibilityVersion = "Xcode 3.2";
			developmentRegion = English;
			hasScannedForEncodings = 0;
			knownRegions = (
				en,
			);
			mainGroup = 060A2E901C7D868C0054BC31;
			productRefGroup = 060A2E9A1C7D868C0054BC31 /* Products */;
			projectDirPath = "";
			projectRoot = "";
			targets = (
				060A2E981C7D868C0054BC31 /* 03.04 Shapes-Object */,
			);
		};
/* End PBXProject section */

/* Begin PBXSourcesBuildPhase section */
		060A2E951C7D868C0054BC31 /* Sources */ = {
			isa = PBXSourcesBuildPhase;
			buildActionMask = 2147483647;
			files = (
				060A2E9D1C7D868C0054BC31 /* main.m in Sources */,
			);
			runOnlyForDeploymentPostprocessing = 0;
		};
/* End PBXSourcesBuildPhase section */

/* Begin XCBuildConfiguration section */
		060A2E9E1C7D868C0054BC31 /* Debug */ = {
			isa = XCBuildConfiguration;
			buildSettings = {
				ALWAYS_SEARCH_USER_PATHS = NO;
				CLANG_CXX_LANGUAGE_STANDARD = "gnu++0x";
				CLANG_CXX_LIBRARY = "libc++";
				CLANG_ENABLE_MODULES = YES;
				CLANG_ENABLE_OBJC_ARC = YES;
				CLANG_WARN_BOOL_CONVERSION = YES;
				CLANG_WARN_CONSTANT_CONVERSION = YES;
				CLANG_WARN_DIRECT_OBJC_ISA_USAGE = YES_ERROR;
				CLANG_WARN_EMPTY_BODY = YES;
				CLANG_WARN_ENUM_CONVERSION = YES;
				CLANG_WARN_INT_CONVERSION = YES;
				CLANG_WARN_OBJC_ROOT_CLASS = YES_ERROR;
				CLANG_WARN_UNREACHABLE_CODE = YES;
				CLANG_WARN__DUPLICATE_METHOD_MATCH = YES;
				CODE_SIGN_IDENTITY = "-";
				COPY_PHASE_STRIP = NO;
				DEBUG_INFORMATION_FORMAT = dwarf;
				ENABLE_STRICT_OBJC_MSGSEND = YES;
				ENABLE_TESTABILITY = YES;
				GCC_C_LANGUAGE_STANDARD = gnu99;
				GCC_DYNAMIC_NO_PIC = NO;
				GCC_NO_COMMON_BLOCKS = YES;
				GCC_OPTIMIZATION_LEVEL = 0;
				GCC_PREPROCESSOR_DEFINITIONS = (
					"DEBUG=1",
					"$(inherited)",
				);
				GCC_WARN_64_TO_32_BIT_CONVERSION = YES;
				GCC_WARN_ABOUT_RETURN_TYPE = YES_ERROR;
				GCC_WARN_UNDECLARED_SELECTOR = YES;
				GCC_WARN_UNINITIALIZED_AUTOS = YES_AGGRESSIVE;
				GCC_WARN_UNUSED_FUNCTION = YES;
				GCC_WARN_UNUSED_VARIABLE = YES;
				MACOSX_DEPLOYMENT_TARGET = 10.10;
				MTL_ENABLE_DEBUG_INFO = YES;
				ONLY_ACTIVE_ARCH = YES;
				SDKROOT = macosx;
			};
			name = Debug;
		};
		060A2E9F1C7D868C0054BC31 /* Release */ = {
			isa = XCBuildConfiguration;
			buildSettings = {
				ALWAYS_SEARCH_USER_PATHS = NO;
				CLANG_CXX_LANGUAGE_STANDARD = "gnu++0x";
				CLANG_CXX_LIBRARY = "libc++";
				CLANG_ENABLE_MODULES = YES;
				CLANG_ENABLE_OBJC_ARC = YES;
				CLANG_WARN_BOOL_CONVERSION = YES;
				CLANG_WARN_CONSTANT_CONVERSION = YES;
				CLANG_WARN_DIRECT_OBJC_ISA_USAGE = YES_ERROR;
				CLANG_WARN_EMPTY_BODY = YES;
				CLANG_WARN_ENUM_CONVERSION = YES;
				CLANG_WARN_INT_CONVERSION = YES;
				CLANG_WARN_OBJC_ROOT_CLASS = YES_ERROR;
				CLANG_WARN_UNREACHABLE_CODE = YES;
				CLANG_WARN__DUPLICATE_METHOD_MATCH = YES;
				CODE_SIGN_IDENTITY = "-";
				COPY_PHASE_STRIP = NO;
				DEBUG_INFORMATION_FORMAT = "dwarf-with-dsym";
				ENABLE_NS_ASSERTIONS = NO;
				ENABLE_STRICT_OBJC_MSGSEND = YES;
				GCC_C_LANGUAGE_STANDARD = gnu99;
				GCC_NO_COMMON_BLOCKS = YES;
				GCC_WARN_64_TO_32_BIT_CONVERSION = YES;
				GCC_WARN_ABOUT_RETURN_TYPE = YES_ERROR;
				GCC_WARN_UNDECLARED_SELECTOR = YES;
				GCC_WARN_UNINITIALIZED_AUTOS = YES_AGGRESSIVE;
				GCC_WARN_UNUSED_FUNCTION = YES;
				GCC_WARN_UNUSED_VARIABLE = YES;
				MACOSX_DEPLOYMENT_TARGET = 10.10;
				MTL_ENABLE_DEBUG_INFO = NO;
				SDKROOT = macosx;
			};
			name = Release;
		};
		060A2EA11C7D868C0054BC31 /* Debug */ = {
			isa = XCBuildConfiguration;
			buildSettings = {
				PRODUCT_NAME = "$(TARGET_NAME)";
			};
			name = Debug;
		};
		060A2EA21C7D868C0054BC31 /* Release */ = {
			isa = XCBuildConfiguration;
			buildSettings = {
				PRODUCT_NAME = "$(TARGET_NAME)";
			};
			name = Release;
		};
/* End XCBuildConfiguration section */

/* Begin XCConfigurationList section */
		060A2E941C7D868C0054BC31 /* Build configuration list for PBXProject "03.04 Shapes-Object" */ = {
			isa = XCConfigurationList;
			buildConfigurations = (
				060A2E9E1C7D868C0054BC31 /* Debug */,
				060A2E9F1C7D868C0054BC31 /* Release */,
			);
			defaultConfigurationIsVisible = 0;
			defaultConfigurationName = Release;
		};
		060A2EA01C7D868C0054BC31 /* Build configuration list for PBXNativeTarget "03.04 Shapes-Object" */ = {
			isa = XCConfigurationList;
			buildConfigurations = (
				060A2EA11C7D868C0054BC31 /* Debug */,
				060A2EA21C7D868C0054BC31 /* Release */,
			);
			defaultConfigurationIsVisible = 0;
		};
/* End XCConfigurationList section */
	};
	rootObject = 060A2E911C7D868C0054BC31 /* Project object */;
}
