// !$*UTF8*$!
{
	archiveVersion = 1;
	classes = {
	};
	objectVersion = 46;
	objects = {

/* Begin PBXBuildFile section */
		060488B31CACCBE300CF0132 /* main.m in Sources */ = {isa = PBXBuildFile; fileRef = 060488B21CACCBE300CF0132 /* main.m */; };
		060488B61CACCBE300CF0132 /* AppDelegate.m in Sources */ = {isa = PBXBuildFile; fileRef = 060488B51CACCBE300CF0132 /* AppDelegate.m */; };
		060488B91CACCBE300CF0132 /* ViewController.m in Sources */ = {isa = PBXBuildFile; fileRef = 060488B81CACCBE300CF0132 /* ViewController.m */; };
		060488BC1CACCBE300CF0132 /* Main.storyboard in Resources */ = {isa = PBXBuildFile; fileRef = 060488BA1CACCBE300CF0132 /* Main.storyboard */; };
		060488BE1CACCBE300CF0132 /* Assets.xcassets in Resources */ = {isa = PBXBuildFile; fileRef = 060488BD1CACCBE300CF0132 /* Assets.xcassets */; };
		060488C11CACCBE300CF0132 /* LaunchScreen.storyboard in Resources */ = {isa = PBXBuildFile; fileRef = 060488BF1CACCBE300CF0132 /* LaunchScreen.storyboard */; };
		060488CC1CACD01300CF0132 /* DrawView.m in Sources */ = {isa = PBXBuildFile; fileRef = 060488CB1CACD01300CF0132 /* DrawView.m */; };
		060488CF1CACD0ED00CF0132 /* Line.m in Sources */ = {isa = PBXBuildFile; fileRef = 060488CE1CACD0ED00CF0132 /* Line.m */; };
/* End PBXBuildFile section */

/* Begin PBXFileReference section */
		060488AE1CACCBE300CF0132 /* TouchTracker.app */ = {isa = PBXFileReference; explicitFileType = wrapper.application; includeInIndex = 0; path = TouchTracker.app; sourceTree = BUILT_PRODUCTS_DIR; };
		060488B21CACCBE300CF0132 /* main.m */ = {isa = PBXFileReference; lastKnownFileType = sourcecode.c.objc; path = main.m; sourceTree = "<group>"; };
		060488B41CACCBE300CF0132 /* AppDelegate.h */ = {isa = PBXFileReference; lastKnownFileType = sourcecode.c.h; path = AppDelegate.h; sourceTree = "<group>"; };
		060488B51CACCBE300CF0132 /* AppDelegate.m */ = {isa = PBXFileReference; lastKnownFileType = sourcecode.c.objc; path = AppDelegate.m; sourceTree = "<group>"; };
		060488B71CACCBE300CF0132 /* ViewController.h */ = {isa = PBXFileReference; lastKnownFileType = sourcecode.c.h; path = ViewController.h; sourceTree = "<group>"; };
		060488B81CACCBE300CF0132 /* ViewController.m */ = {isa = PBXFileReference; lastKnownFileType = sourcecode.c.objc; path = ViewController.m; sourceTree = "<group>"; };
		060488BB1CACCBE300CF0132 /* Base */ = {isa = PBXFileReference; lastKnownFileType = file.storyboard; name = Base; path = Base.lproj/Main.storyboard; sourceTree = "<group>"; };
		060488BD1CACCBE300CF0132 /* Assets.xcassets */ = {isa = PBXFileReference; lastKnownFileType = folder.assetcatalog; path = Assets.xcassets; sourceTree = "<group>"; };
		060488C01CACCBE300CF0132 /* Base */ = {isa = PBXFileReference; lastKnownFileType = file.storyboard; name = Base; path = Base.lproj/LaunchScreen.storyboard; sourceTree = "<group>"; };
		060488C21CACCBE300CF0132 /* Info.plist */ = {isa = PBXFileReference; lastKnownFileType = text.plist.xml; path = Info.plist; sourceTree = "<group>"; };
		060488CA1CACD01300CF0132 /* DrawView.h */ = {isa = PBXFileReference; fileEncoding = 4; lastKnownFileType = sourcecode.c.h; path = DrawView.h; sourceTree = "<group>"; };
		060488CB1CACD01300CF0132 /* DrawView.m */ = {isa = PBXFileReference; fileEncoding = 4; lastKnownFileType = sourcecode.c.objc; path = DrawView.m; sourceTree = "<group>"; };
		060488CD1CACD0ED00CF0132 /* Line.h */ = {isa = PBXFileReference; fileEncoding = 4; lastKnownFileType = sourcecode.c.h; path = Line.h; sourceTree = "<group>"; };
		060488CE1CACD0ED00CF0132 /* Line.m */ = {isa = PBXFileReference; fileEncoding = 4; lastKnownFileType = sourcecode.c.objc; path = Line.m; sourceTree = "<group>"; };
/* End PBXFileReference section */

/* Begin PBXFrameworksBuildPhase section */
		060488AB1CACCBE300CF0132 /* Frameworks */ = {
			isa = PBXFrameworksBuildPhase;
			buildActionMask = 2147483647;
			files = (
			);
			runOnlyForDeploymentPostprocessing = 0;
		};
/* End PBXFrameworksBuildPhase section */

/* Begin PBXGroup section */
		060488A51CACCBE300CF0132 = {
			isa = PBXGroup;
			children = (
				060488B01CACCBE300CF0132 /* TouchTracker */,
				060488AF1CACCBE300CF0132 /* Products */,
			);
			sourceTree = "<group>";
		};
		060488AF1CACCBE300CF0132 /* Products */ = {
			isa = PBXGroup;
			children = (
				060488AE1CACCBE300CF0132 /* TouchTracker.app */,
			);
			name = Products;
			sourceTree = "<group>";
		};
		060488B01CACCBE300CF0132 /* TouchTracker */ = {
			isa = PBXGroup;
			children = (
				060488B41CACCBE300CF0132 /* AppDelegate.h */,
				060488B51CACCBE300CF0132 /* AppDelegate.m */,
				060488B71CACCBE300CF0132 /* ViewController.h */,
				060488B81CACCBE300CF0132 /* ViewController.m */,
				060488CD1CACD0ED00CF0132 /* Line.h */,
				060488CE1CACD0ED00CF0132 /* Line.m */,
				060488CA1CACD01300CF0132 /* DrawView.h */,
				060488CB1CACD01300CF0132 /* DrawView.m */,
				060488BA1CACCBE300CF0132 /* Main.storyboard */,
				060488BD1CACCBE300CF0132 /* Assets.xcassets */,
				060488BF1CACCBE300CF0132 /* LaunchScreen.storyboard */,
				060488C21CACCBE300CF0132 /* Info.plist */,
				060488B11CACCBE300CF0132 /* Supporting Files */,
			);
			path = TouchTracker;
			sourceTree = "<group>";
		};
		060488B11CACCBE300CF0132 /* Supporting Files */ = {
			isa = PBXGroup;
			children = (
				060488B21CACCBE300CF0132 /* main.m */,
			);
			name = "Supporting Files";
			sourceTree = "<group>";
		};
/* End PBXGroup section */

/* Begin PBXNativeTarget section */
		060488AD1CACCBE300CF0132 /* TouchTracker */ = {
			isa = PBXNativeTarget;
			buildConfigurationList = 060488C51CACCBE300CF0132 /* Build configuration list for PBXNativeTarget "TouchTracker" */;
			buildPhases = (
				060488AA1CACCBE300CF0132 /* Sources */,
				060488AB1CACCBE300CF0132 /* Frameworks */,
				060488AC1CACCBE300CF0132 /* Resources */,
			);
			buildRules = (
			);
			dependencies = (
			);
			name = TouchTracker;
			productName = TouchTracker;
			productReference = 060488AE1CACCBE300CF0132 /* TouchTracker.app */;
			productType = "com.apple.product-type.application";
		};
/* End PBXNativeTarget section */

/* Begin PBXProject section */
		060488A61CACCBE300CF0132 /* Project object */ = {
			isa = PBXProject;
			attributes = {
				LastUpgradeCheck = 0720;
				ORGANIZATIONNAME = liupeng;
				TargetAttributes = {
					060488AD1CACCBE300CF0132 = {
						CreatedOnToolsVersion = 7.2.1;
						DevelopmentTeam = 92A4RP92C7;
					};
				};
			};
			buildConfigurationList = 060488A91CACCBE300CF0132 /* Build configuration list for PBXProject "TouchTracker" */;
			compatibilityVersion = "Xcode 3.2";
			developmentRegion = English;
			hasScannedForEncodings = 0;
			knownRegions = (
				en,
				Base,
			);
			mainGroup = 060488A51CACCBE300CF0132;
			productRefGroup = 060488AF1CACCBE300CF0132 /* Products */;
			projectDirPath = "";
			projectRoot = "";
			targets = (
				060488AD1CACCBE300CF0132 /* TouchTracker */,
			);
		};
/* End PBXProject section */

/* Begin PBXResourcesBuildPhase section */
		060488AC1CACCBE300CF0132 /* Resources */ = {
			isa = PBXResourcesBuildPhase;
			buildActionMask = 2147483647;
			files = (
				060488C11CACCBE300CF0132 /* LaunchScreen.storyboard in Resources */,
				060488BE1CACCBE300CF0132 /* Assets.xcassets in Resources */,
				060488BC1CACCBE300CF0132 /* Main.storyboard in Resources */,
			);
			runOnlyForDeploymentPostprocessing = 0;
		};
/* End PBXResourcesBuildPhase section */

/* Begin PBXSourcesBuildPhase section */
		060488AA1CACCBE300CF0132 /* Sources */ = {
			isa = PBXSourcesBuildPhase;
			buildActionMask = 2147483647;
			files = (
				060488CF1CACD0ED00CF0132 /* Line.m in Sources */,
				060488B91CACCBE300CF0132 /* ViewController.m in Sources */,
				060488B61CACCBE300CF0132 /* AppDelegate.m in Sources */,
				060488CC1CACD01300CF0132 /* DrawView.m in Sources */,
				060488B31CACCBE300CF0132 /* main.m in Sources */,
			);
			runOnlyForDeploymentPostprocessing = 0;
		};
/* End PBXSourcesBuildPhase section */

/* Begin PBXVariantGroup section */
		060488BA1CACCBE300CF0132 /* Main.storyboard */ = {
			isa = PBXVariantGroup;
			children = (
				060488BB1CACCBE300CF0132 /* Base */,
			);
			name = Main.storyboard;
			sourceTree = "<group>";
		};
		060488BF1CACCBE300CF0132 /* LaunchScreen.storyboard */ = {
			isa = PBXVariantGroup;
			children = (
				060488C01CACCBE300CF0132 /* Base */,
			);
			name = LaunchScreen.storyboard;
			sourceTree = "<group>";
		};
/* End PBXVariantGroup section */

/* Begin XCBuildConfiguration section */
		060488C31CACCBE300CF0132 /* Debug */ = {
			isa = XCBuildConfiguration;
			buildSettings = {
				ALWAYS_SEARCH_USER_PATHS = NO;
				CLANG_CXX_LANGUAGE_STANDARD = "gnu++0x";
				CLANG_CXX_LIBRARY = "libc++";
				CLANG_ENABLE_MODULES = YES;
				CLANG_ENABLE_OBJC_ARC = YES;
				CLANG_WARN_BOOL_CONVERSION = YES;
				CLANG_WARN_CONSTANT_CONVERSION = YES;
				CLANG_WARN_DIRECT_OBJC_ISA_USAGE = YES_ERROR;
				CLANG_WARN_EMPTY_BODY = YES;
				CLANG_WARN_ENUM_CONVERSION = YES;
				CLANG_WARN_INT_CONVERSION = YES;
				CLANG_WARN_OBJC_ROOT_CLASS = YES_ERROR;
				CLANG_WARN_UNREACHABLE_CODE = YES;
				CLANG_WARN__DUPLICATE_METHOD_MATCH = YES;
				"CODE_SIGN_IDENTITY[sdk=iphoneos*]" = "iPhone Developer";
				COPY_PHASE_STRIP = NO;
				DEBUG_INFORMATION_FORMAT = dwarf;
				ENABLE_STRICT_OBJC_MSGSEND = YES;
				ENABLE_TESTABILITY = YES;
				GCC_C_LANGUAGE_STANDARD = gnu99;
				GCC_DYNAMIC_NO_PIC = NO;
				GCC_NO_COMMON_BLOCKS = YES;
				GCC_OPTIMIZATION_LEVEL = 0;
				GCC_PREPROCESSOR_DEFINITIONS = (
					"DEBUG=1",
					"$(inherited)",
				);
				GCC_WARN_64_TO_32_BIT_CONVERSION = YES;
				GCC_WARN_ABOUT_RETURN_TYPE = YES_ERROR;
				GCC_WARN_UNDECLARED_SELECTOR = YES;
				GCC_WARN_UNINITIALIZED_AUTOS = YES_AGGRESSIVE;
				GCC_WARN_UNUSED_FUNCTION = YES;
				GCC_WARN_UNUSED_VARIABLE = YES;
				IPHONEOS_DEPLOYMENT_TARGET = 9.2;
				MTL_ENABLE_DEBUG_INFO = YES;
				ONLY_ACTIVE_ARCH = YES;
				SDKROOT = iphoneos;
				TARGETED_DEVICE_FAMILY = "1,2";
			};
			name = Debug;
		};
		060488C41CACCBE300CF0132 /* Release */ = {
			isa = XCBuildConfiguration;
			buildSettings = {
				ALWAYS_SEARCH_USER_PATHS = NO;
				CLANG_CXX_LANGUAGE_STANDARD = "gnu++0x";
				CLANG_CXX_LIBRARY = "libc++";
				CLANG_ENABLE_MODULES = YES;
				CLANG_ENABLE_OBJC_ARC = YES;
				CLANG_WARN_BOOL_CONVERSION = YES;
				CLANG_WARN_CONSTANT_CONVERSION = YES;
				CLANG_WARN_DIRECT_OBJC_ISA_USAGE = YES_ERROR;
				CLANG_WARN_EMPTY_BODY = YES;
				CLANG_WARN_ENUM_CONVERSION = YES;
				CLANG_WARN_INT_CONVERSION = YES;
				CLANG_WARN_OBJC_ROOT_CLASS = YES_ERROR;
				CLANG_WARN_UNREACHABLE_CODE = YES;
				CLANG_WARN__DUPLICATE_METHOD_MATCH = YES;
				"CODE_SIGN_IDENTITY[sdk=iphoneos*]" = "iPhone Developer";
				COPY_PHASE_STRIP = NO;
				DEBUG_INFORMATION_FORMAT = "dwarf-with-dsym";
				ENABLE_NS_ASSERTIONS = NO;
				ENABLE_STRICT_OBJC_MSGSEND = YES;
				GCC_C_LANGUAGE_STANDARD = gnu99;
				GCC_NO_COMMON_BLOCKS = YES;
				GCC_WARN_64_TO_32_BIT_CONVERSION = YES;
				GCC_WARN_ABOUT_RETURN_TYPE = YES_ERROR;
				GCC_WARN_UNDECLARED_SELECTOR = YES;
				GCC_WARN_UNINITIALIZED_AUTOS = YES_AGGRESSIVE;
				GCC_WARN_UNUSED_FUNCTION = YES;
				GCC_WARN_UNUSED_VARIABLE = YES;
				IPHONEOS_DEPLOYMENT_TARGET = 9.2;
				MTL_ENABLE_DEBUG_INFO = NO;
				SDKROOT = iphoneos;
				TARGETED_DEVICE_FAMILY = "1,2";
				VALIDATE_PRODUCT = YES;
			};
			name = Release;
		};
		060488C61CACCBE300CF0132 /* Debug */ = {
			isa = XCBuildConfiguration;
			buildSettings = {
				ASSETCATALOG_COMPILER_APPICON_NAME = AppIcon;
				INFOPLIST_FILE = TouchTracker/Info.plist;
				LD_RUNPATH_SEARCH_PATHS = "$(inherited) @executable_path/Frameworks";
				PRODUCT_BUNDLE_IDENTIFIER = com.ldlp.TouchTracker;
				PRODUCT_NAME = "$(TARGET_NAME)";
			};
			name = Debug;
		};
		060488C71CACCBE300CF0132 /* Release */ = {
			isa = XCBuildConfiguration;
			buildSettings = {
				ASSETCATALOG_COMPILER_APPICON_NAME = AppIcon;
				INFOPLIST_FILE = TouchTracker/Info.plist;
				LD_RUNPATH_SEARCH_PATHS = "$(inherited) @executable_path/Frameworks";
				PRODUCT_BUNDLE_IDENTIFIER = com.ldlp.TouchTracker;
				PRODUCT_NAME = "$(TARGET_NAME)";
			};
			name = Release;
		};
/* End XCBuildConfiguration section */

/* Begin XCConfigurationList section */
		060488A91CACCBE300CF0132 /* Build configuration list for PBXProject "TouchTracker" */ = {
			isa = XCConfigurationList;
			buildConfigurations = (
				060488C31CACCBE300CF0132 /* Debug */,
				060488C41CACCBE300CF0132 /* Release */,
			);
			defaultConfigurationIsVisible = 0;
			defaultConfigurationName = Release;
		};
		060488C51CACCBE300CF0132 /* Build configuration list for PBXNativeTarget "TouchTracker" */ = {
			isa = XCConfigurationList;
			buildConfigurations = (
				060488C61CACCBE300CF0132 /* Debug */,
				060488C71CACCBE300CF0132 /* Release */,
			);
			defaultConfigurationIsVisible = 0;
		};
/* End XCConfigurationList section */
	};
	rootObject = 060488A61CACCBE300CF0132 /* Project object */;
}
