// !$*UTF8*$!
{
	archiveVersion = 1;
	classes = {
	};
	objectVersion = 46;
	objects = {

/* Begin PBXBuildFile section */
		06F20FFA1C7D4FD30080FA5A /* main.m in Sources */ = {isa = PBXBuildFile; fileRef = 06F20FF91C7D4FD30080FA5A /* main.m */; };
/* End PBXBuildFile section */

/* Begin PBXCopyFilesBuildPhase section */
		06F20FF41C7D4FD30080FA5A /* CopyFiles */ = {
			isa = PBXCopyFilesBuildPhase;
			buildActionMask = 2147483647;
			dstPath = /usr/share/man/man1/;
			dstSubfolderSpec = 0;
			files = (
			);
			runOnlyForDeploymentPostprocessing = 1;
		};
/* End PBXCopyFilesBuildPhase section */

/* Begin PBXFileReference section */
		06F20FF61C7D4FD30080FA5A /* 03.04 Word-Length-1 */ = {isa = PBXFileReference; explicitFileType = "compiled.mach-o.executable"; includeInIndex = 0; path = "03.04 Word-Length-1"; sourceTree = BUILT_PRODUCTS_DIR; };
		06F20FF91C7D4FD30080FA5A /* main.m */ = {isa = PBXFileReference; lastKnownFileType = sourcecode.c.objc; path = main.m; sourceTree = "<group>"; };
/* End PBXFileReference section */

/* Begin PBXFrameworksBuildPhase section */
		06F20FF31C7D4FD30080FA5A /* Frameworks */ = {
			isa = PBXFrameworksBuildPhase;
			buildActionMask = 2147483647;
			files = (
			);
			runOnlyForDeploymentPostprocessing = 0;
		};
/* End PBXFrameworksBuildPhase section */

/* Begin PBXGroup section */
		06F20FED1C7D4FD30080FA5A = {
			isa = PBXGroup;
			children = (
				06F20FF81C7D4FD30080FA5A /* 03.04 Word-Length-1 */,
				06F20FF71C7D4FD30080FA5A /* Products */,
			);
			sourceTree = "<group>";
		};
		06F20FF71C7D4FD30080FA5A /* Products */ = {
			isa = PBXGroup;
			children = (
				06F20FF61C7D4FD30080FA5A /* 03.04 Word-Length-1 */,
			);
			name = Products;
			sourceTree = "<group>";
		};
		06F20FF81C7D4FD30080FA5A /* 03.04 Word-Length-1 */ = {
			isa = PBXGroup;
			children = (
				06F20FF91C7D4FD30080FA5A /* main.m */,
			);
			path = "03.04 Word-Length-1";
			sourceTree = "<group>";
		};
/* End PBXGroup section */

/* Begin PBXNativeTarget section */
		06F20FF51C7D4FD30080FA5A /* 03.04 Word-Length-1 */ = {
			isa = PBXNativeTarget;
			buildConfigurationList = 06F20FFD1C7D4FD30080FA5A /* Build configuration list for PBXNativeTarget "03.04 Word-Length-1" */;
			buildPhases = (
				06F20FF21C7D4FD30080FA5A /* Sources */,
				06F20FF31C7D4FD30080FA5A /* Frameworks */,
				06F20FF41C7D4FD30080FA5A /* CopyFiles */,
			);
			buildRules = (
			);
			dependencies = (
			);
			name = "03.04 Word-Length-1";
			productName = "03.04 Word-Length-1";
			productReference = 06F20FF61C7D4FD30080FA5A /* 03.04 Word-Length-1 */;
			productType = "com.apple.product-type.tool";
		};
/* End PBXNativeTarget section */

/* Begin PBXProject section */
		06F20FEE1C7D4FD30080FA5A /* Project object */ = {
			isa = PBXProject;
			attributes = {
				LastUpgradeCheck = 0710;
				ORGANIZATIONNAME = liupeng;
				TargetAttributes = {
					06F20FF51C7D4FD30080FA5A = {
						CreatedOnToolsVersion = 7.1;
					};
				};
			};
			buildConfigurationList = 06F20FF11C7D4FD30080FA5A /* Build configuration list for PBXProject "03.04 Word-Length-1" */;
			compatibilityVersion = "Xcode 3.2";
			developmentRegion = English;
			hasScannedForEncodings = 0;
			knownRegions = (
				en,
			);
			mainGroup = 06F20FED1C7D4FD30080FA5A;
			productRefGroup = 06F20FF71C7D4FD30080FA5A /* Products */;
			projectDirPath = "";
			projectRoot = "";
			targets = (
				06F20FF51C7D4FD30080FA5A /* 03.04 Word-Length-1 */,
			);
		};
/* End PBXProject section */

/* Begin PBXSourcesBuildPhase section */
		06F20FF21C7D4FD30080FA5A /* Sources */ = {
			isa = PBXSourcesBuildPhase;
			buildActionMask = 2147483647;
			files = (
				06F20FFA1C7D4FD30080FA5A /* main.m in Sources */,
			);
			runOnlyForDeploymentPostprocessing = 0;
		};
/* End PBXSourcesBuildPhase section */

/* Begin XCBuildConfiguration section */
		06F20FFB1C7D4FD30080FA5A /* Debug */ = {
			isa = XCBuildConfiguration;
			buildSettings = {
				ALWAYS_SEARCH_USER_PATHS = NO;
				CLANG_CXX_LANGUAGE_STANDARD = "gnu++0x";
				CLANG_CXX_LIBRARY = "libc++";
				CLANG_ENABLE_MODULES = YES;
				CLANG_ENABLE_OBJC_ARC = YES;
				CLANG_WARN_BOOL_CONVERSION = YES;
				CLANG_WARN_CONSTANT_CONVERSION = YES;
				CLANG_WARN_DIRECT_OBJC_ISA_USAGE = YES_ERROR;
				CLANG_WARN_EMPTY_BODY = YES;
				CLANG_WARN_ENUM_CONVERSION = YES;
				CLANG_WARN_INT_CONVERSION = YES;
				CLANG_WARN_OBJC_ROOT_CLASS = YES_ERROR;
				CLANG_WARN_UNREACHABLE_CODE = YES;
				CLANG_WARN__DUPLICATE_METHOD_MATCH = YES;
				CODE_SIGN_IDENTITY = "-";
				COPY_PHASE_STRIP = NO;
				DEBUG_INFORMATION_FORMAT = dwarf;
				ENABLE_STRICT_OBJC_MSGSEND = YES;
				ENABLE_TESTABILITY = YES;
				GCC_C_LANGUAGE_STANDARD = gnu99;
				GCC_DYNAMIC_NO_PIC = NO;
				GCC_NO_COMMON_BLOCKS = YES;
				GCC_OPTIMIZATION_LEVEL = 0;
				GCC_PREPROCESSOR_DEFINITIONS = (
					"DEBUG=1",
					"$(inherited)",
				);
				GCC_WARN_64_TO_32_BIT_CONVERSION = YES;
				GCC_WARN_ABOUT_RETURN_TYPE = YES_ERROR;
				GCC_WARN_UNDECLARED_SELECTOR = YES;
				GCC_WARN_UNINITIALIZED_AUTOS = YES_AGGRESSIVE;
				GCC_WARN_UNUSED_FUNCTION = YES;
				GCC_WARN_UNUSED_VARIABLE = YES;
				MACOSX_DEPLOYMENT_TARGET = 10.10;
				MTL_ENABLE_DEBUG_INFO = YES;
				ONLY_ACTIVE_ARCH = YES;
				SDKROOT = macosx;
			};
			name = Debug;
		};
		06F20FFC1C7D4FD30080FA5A /* Release */ = {
			isa = XCBuildConfiguration;
			buildSettings = {
				ALWAYS_SEARCH_USER_PATHS = NO;
				CLANG_CXX_LANGUAGE_STANDARD = "gnu++0x";
				CLANG_CXX_LIBRARY = "libc++";
				CLANG_ENABLE_MODULES = YES;
				CLANG_ENABLE_OBJC_ARC = YES;
				CLANG_WARN_BOOL_CONVERSION = YES;
				CLANG_WARN_CONSTANT_CONVERSION = YES;
				CLANG_WARN_DIRECT_OBJC_ISA_USAGE = YES_ERROR;
				CLANG_WARN_EMPTY_BODY = YES;
				CLANG_WARN_ENUM_CONVERSION = YES;
				CLANG_WARN_INT_CONVERSION = YES;
				CLANG_WARN_OBJC_ROOT_CLASS = YES_ERROR;
				CLANG_WARN_UNREACHABLE_CODE = YES;
				CLANG_WARN__DUPLICATE_METHOD_MATCH = YES;
				CODE_SIGN_IDENTITY = "-";
				COPY_PHASE_STRIP = NO;
				DEBUG_INFORMATION_FORMAT = "dwarf-with-dsym";
				ENABLE_NS_ASSERTIONS = NO;
				ENABLE_STRICT_OBJC_MSGSEND = YES;
				GCC_C_LANGUAGE_STANDARD = gnu99;
				GCC_NO_COMMON_BLOCKS = YES;
				GCC_WARN_64_TO_32_BIT_CONVERSION = YES;
				GCC_WARN_ABOUT_RETURN_TYPE = YES_ERROR;
				GCC_WARN_UNDECLARED_SELECTOR = YES;
				GCC_WARN_UNINITIALIZED_AUTOS = YES_AGGRESSIVE;
				GCC_WARN_UNUSED_FUNCTION = YES;
				GCC_WARN_UNUSED_VARIABLE = YES;
				MACOSX_DEPLOYMENT_TARGET = 10.10;
				MTL_ENABLE_DEBUG_INFO = NO;
				SDKROOT = macosx;
			};
			name = Release;
		};
		06F20FFE1C7D4FD30080FA5A /* Debug */ = {
			isa = XCBuildConfiguration;
			buildSettings = {
				PRODUCT_NAME = "$(TARGET_NAME)";
			};
			name = Debug;
		};
		06F20FFF1C7D4FD30080FA5A /* Release */ = {
			isa = XCBuildConfiguration;
			buildSettings = {
				PRODUCT_NAME = "$(TARGET_NAME)";
			};
			name = Release;
		};
/* End XCBuildConfiguration section */

/* Begin XCConfigurationList section */
		06F20FF11C7D4FD30080FA5A /* Build configuration list for PBXProject "03.04 Word-Length-1" */ = {
			isa = XCConfigurationList;
			buildConfigurations = (
				06F20FFB1C7D4FD30080FA5A /* Debug */,
				06F20FFC1C7D4FD30080FA5A /* Release */,
			);
			defaultConfigurationIsVisible = 0;
			defaultConfigurationName = Release;
		};
		06F20FFD1C7D4FD30080FA5A /* Build configuration list for PBXNativeTarget "03.04 Word-Length-1" */ = {
			isa = XCConfigurationList;
			buildConfigurations = (
				06F20FFE1C7D4FD30080FA5A /* Debug */,
				06F20FFF1C7D4FD30080FA5A /* Release */,
			);
			defaultConfigurationIsVisible = 0;
		};
/* End XCConfigurationList section */
	};
	rootObject = 06F20FEE1C7D4FD30080FA5A /* Project object */;
}
